
Microsoft Visual Studio Solution File, Format Version 12.00
# Visual Studio 2017
Project("{FAE04EC0-301F-11D3-BF4B-00C04F79EFBC}") = "Colly_Word", "Colly_Word.csproj", "{D88D5067-9FFD-35F8-AB2A-2205F59A30E9}"
EndProject
Project("{FAE04EC0-301F-11D3-BF4B-00C04F79EFBC}") = "Colly_Word.Editor", "Colly_Word.Editor.csproj", "{B2D3242C-EAF7-B41C-33EB-F8956FBB6019}"
EndProject
Global
	GlobalSection(SolutionConfigurationPlatforms) = preSolution
		Debug|Any CPU = Debug|Any CPU
		Release|Any CPU = Release|Any CPU
	EndGlobalSection
	GlobalSection(ProjectConfigurationPlatforms) = postSolution
		{D88D5067-9FFD-35F8-AB2A-2205F59A30E9}.Debug|Any CPU.ActiveCfg = Debug|Any CPU
		{D88D5067-9FFD-35F8-AB2A-2205F59A30E9}.Debug|Any CPU.Build.0 = Debug|Any CPU
		{D88D5067-9FFD-35F8-AB2A-2205F59A30E9}.Release|Any CPU.ActiveCfg = Release|Any CPU
		{D88D5067-9FFD-35F8-AB2A-2205F59A30E9}.Release|Any CPU.Build.0 = Release|Any CPU
		{B2D3242C-EAF7-B41C-33EB-F8956FBB6019}.Debug|Any CPU.ActiveCfg = Debug|Any CPU
		{B2D3242C-EAF7-B41C-33EB-F8956FBB6019}.Debug|Any CPU.Build.0 = Debug|Any CPU
		{B2D3242C-EAF7-B41C-33EB-F8956FBB6019}.Release|Any CPU.ActiveCfg = Release|Any CPU
		{B2D3242C-EAF7-B41C-33EB-F8956FBB6019}.Release|Any CPU.Build.0 = Release|Any CPU
	EndGlobalSection
	GlobalSection(SolutionProperties) = preSolution
		HideSolutionNode = FALSE
	EndGlobalSection
EndGlobal
